
Microsoft Visual Studio Solution File, Format Version 12.00
# Visual Studio Version 17
VisualStudioVersion = 17.4.33110.190
MinimumVisualStudioVersion = 10.0.40219.1
Project("{FAE04EC0-301F-11D3-BF4B-00C04F79EFBC}") = "Folders", "Folders\Folders.csproj", "{7651210A-B023-4C54-80EE-72E95A4AD10F}"
EndProject
Global
	GlobalSection(SolutionConfigurationPlatforms) = preSolution
		Debug|Any CPU = Debug|Any CPU
		Release|Any CPU = Release|Any CPU
	EndGlobalSection
	GlobalSection(ProjectConfigurationPlatforms) = postSolution
		{7651210A-B023-4C54-80EE-72E95A4AD10F}.Debug|Any CPU.ActiveCfg = Debug|Any CPU
		{7651210A-B023-4C54-80EE-72E95A4AD10F}.Debug|Any CPU.Build.0 = Debug|Any CPU
		{7651210A-B023-4C54-80EE-72E95A4AD10F}.Release|Any CPU.ActiveCfg = Release|Any CPU
		{7651210A-B023-4C54-80EE-72E95A4AD10F}.Release|Any CPU.Build.0 = Release|Any CPU
	EndGlobalSection
	GlobalSection(SolutionProperties) = preSolution
		HideSolutionNode = FALSE
	EndGlobalSection
	GlobalSection(ExtensibilityGlobals) = postSolution
		SolutionGuid = {890CD274-C485-4B75-8D23-72A6DB143394}
	EndGlobalSection
EndGlobal
